# This file was autogenerated by Stack.
# You should not edit this file by hand.
# For more information, please see the documentation at:
#   https://docs.haskellstack.org/en/stable/lock_files

packages:
- completed:
    hackage: accelerate-llvm-1.2.0.1@sha256:e794b1abfea5424671d84d5d69bb9ccf468af9adaa481f9adaa78c42538a9cda,7206
    pantry-tree:
      size: 5092
      sha256: 0328dda508b97c14ed2731f61796fe5140abb3e5038ed7ac244e3be256dd8d0b
  original:
    hackage: accelerate-llvm-1.2.0.1@sha256:e794b1abfea5424671d84d5d69bb9ccf468af9adaa481f9adaa78c42538a9cda,7206
- completed:
    hackage: accelerate-llvm-native-1.2.0.1@sha256:d98c01bc08c6923270e50c5f032f3f816ceee4daddee98ced6e2f2440889f03f,7282
    pantry-tree:
      size: 3808
      sha256: 3b97b110d7a5b3f2b8774f8064041be98a26340e2b8d715433ec88b0dcda2007
  original:
    hackage: accelerate-llvm-native-1.2.0.1@sha256:d98c01bc08c6923270e50c5f032f3f816ceee4daddee98ced6e2f2440889f03f,7282
- completed:
    hackage: accelerate-llvm-ptx-1.2.0.1@sha256:0ddd8f0f8a379a400dd82ad01c319fa4b13a64146b4e05beed5c486f1f2269f7,7020
    pantry-tree:
      size: 4122
      sha256: d99b9fb448b8d82c7e8406c78a720bc0a3b3840481ae0a8be0480e6275444523
  original:
    hackage: accelerate-llvm-ptx-1.2.0.1@sha256:0ddd8f0f8a379a400dd82ad01c319fa4b13a64146b4e05beed5c486f1f2269f7,7020
- completed:
    hackage: accelerate-1.2.0.1@sha256:bb1928efe602545df4043692916ed427c959110cbd678d03c3f9c3be25d1ae88,20112
    pantry-tree:
      size: 10790
      sha256: 8a4fbbb91a5a4ff77ebcc8f65ab5288874127f5f2e86304fad1b4c5d8186af5e
  original:
    hackage: accelerate-1.2.0.1@sha256:bb1928efe602545df4043692916ed427c959110cbd678d03c3f9c3be25d1ae88,20112
- completed:
    hackage: llvm-hs-9.0.1@sha256:ee6ec2eb8cba4daf2a43586388a87dbfd6a2ec6d81d1f9965896ac187acad286,8700
    pantry-tree:
      size: 13599
      sha256: 537616dec1351bd9f7905182f82f132359cf3058ebbb059c03b4edcef04b2689
  original:
    hackage: llvm-hs-9.0.1@sha256:ee6ec2eb8cba4daf2a43586388a87dbfd6a2ec6d81d1f9965896ac187acad286,8700
- completed:
    hackage: llvm-hs-pure-9.0.0@sha256:134779f40086a366279f678e670b610d7a7618b28dd43f65894078fd20e04629,2945
    pantry-tree:
      size: 2600
      sha256: f1a83aa959b69b72342997fc4fdc352086bc3b9f306cfb6a4c8bbc850d36b4fb
  original:
    hackage: llvm-hs-pure-9.0.0@sha256:134779f40086a366279f678e670b610d7a7618b28dd43f65894078fd20e04629,2945
- completed:
    hackage: linear-accelerate-0.6.0.0@sha256:3b85a8c8e4effe1438fb8cf15af13dcfffc1271e21af607ba16dc2ea2f96c1e9,2547
    pantry-tree:
      size: 1794
      sha256: 8dd63d2370095fedc3cd053edf4041477b332c7148ed66bbab4d0303f6724581
  original:
    hackage: linear-accelerate-0.6.0.0@sha256:3b85a8c8e4effe1438fb8cf15af13dcfffc1271e21af607ba16dc2ea2f96c1e9,2547
snapshots:
- completed:
    size: 524163
    url: https://raw.githubusercontent.com/commercialhaskell/stackage-snapshots/master/lts/14/25.yaml
    sha256: 97548b4e927a8a862d4a203687ca18a3f5d2ae75b4b72c946fb29c17df1a5082
  original: lts-14.25
