# This file was autogenerated by Stack.
# You should not edit this file by hand.
# For more information, please see the documentation at:
#   https://docs.haskellstack.org/en/stable/lock_files

packages:
- completed:
    hackage: llvm-hs-9.0.1@sha256:ee6ec2eb8cba4daf2a43586388a87dbfd6a2ec6d81d1f9965896ac187acad286,8700
    pantry-tree:
      size: 13599
      sha256: 537616dec1351bd9f7905182f82f132359cf3058ebbb059c03b4edcef04b2689
  original:
    hackage: llvm-hs-9.0.1@sha256:ee6ec2eb8cba4daf2a43586388a87dbfd6a2ec6d81d1f9965896ac187acad286,8700
- completed:
    hackage: llvm-hs-pure-9.0.0@sha256:134779f40086a366279f678e670b610d7a7618b28dd43f65894078fd20e04629,2945
    pantry-tree:
      size: 2600
      sha256: f1a83aa959b69b72342997fc4fdc352086bc3b9f306cfb6a4c8bbc850d36b4fb
  original:
    hackage: llvm-hs-pure-9.0.0@sha256:134779f40086a366279f678e670b610d7a7618b28dd43f65894078fd20e04629,2945
- completed:
    size: 440008
    url: https://github.com/acceleratehs/accelerate/archive/2693873fbf7f94ee408d9f2017ff47251ee064ef.tar.gz
    cabal-file:
      size: 20134
      sha256: e32ebaecb198b5f00b58c2775bbf5875110152a40f982bd5bfd58251dee0c6ba
    name: accelerate
    version: 1.4.0.0
    sha256: e23000538f8838659a0e68c9ac855d883eee0ad9c7ee294cfc42f0f67cd44a89
    pantry-tree:
      size: 13469
      sha256: dd4ff783f6fed533d3362afd79527584cede1a011f85dad3c39ce9ebd3898f80
  original:
    url: https://github.com/acceleratehs/accelerate/archive/2693873fbf7f94ee408d9f2017ff47251ee064ef.tar.gz
- completed:
    size: 267794
    subdir: accelerate-llvm
    url: https://github.com/AlexMouton/accelerate-llvm/archive/1e5969de59b0753ca9b1c6103ba9f6271d0127aa.tar.gz
    cabal-file:
      size: 5984
      sha256: af70a47d458a7310f2025993b1dc8a52d58d816f7915c74e4c24ba8a673e6de0
    name: accelerate-llvm
    version: 1.4.0.0
    sha256: cab204db2ad3fe66d0fcf0657727c2e400f80ae418e7c50f7aca0d835bdc001e
    pantry-tree:
      size: 5454
      sha256: f3af4e61c77b04fe2ed1633a14bb82a197903e8137a8269bb1a722672db56118
  original:
    subdir: accelerate-llvm
    url: https://github.com/AlexMouton/accelerate-llvm/archive/1e5969de59b0753ca9b1c6103ba9f6271d0127aa.tar.gz
- completed:
    size: 267794
    subdir: accelerate-llvm-native
    url: https://github.com/AlexMouton/accelerate-llvm/archive/1e5969de59b0753ca9b1c6103ba9f6271d0127aa.tar.gz
    cabal-file:
      size: 6318
      sha256: fc61f7bc2fe9e4faa3d2ba5b0df49f9cc01962abd671cbf56ce8b4bd1a1a3e67
    name: accelerate-llvm-native
    version: 1.4.0.0
    sha256: cab204db2ad3fe66d0fcf0657727c2e400f80ae418e7c50f7aca0d835bdc001e
    pantry-tree:
      size: 4693
      sha256: 3d533c222cf771d5185c19352e5de7117dc49ec9c51ce685d05715fe48c63274
  original:
    subdir: accelerate-llvm-native
    url: https://github.com/AlexMouton/accelerate-llvm/archive/1e5969de59b0753ca9b1c6103ba9f6271d0127aa.tar.gz
- completed:
    size: 267794
    subdir: accelerate-llvm-ptx
    url: https://github.com/AlexMouton/accelerate-llvm/archive/1e5969de59b0753ca9b1c6103ba9f6271d0127aa.tar.gz
    cabal-file:
      size: 6642
      sha256: dd4e7da00153a5ecd6fa7f9796614ae5c0bb4a034af6944552ac08b1175a3a29
    name: accelerate-llvm-ptx
    version: 1.4.0.0
    sha256: cab204db2ad3fe66d0fcf0657727c2e400f80ae418e7c50f7aca0d835bdc001e
    pantry-tree:
      size: 4775
      sha256: bfe92ad092f9577b45e7155e47432189a2683bc1a4465d3d8cf6ce7bd65f648b
  original:
    subdir: accelerate-llvm-ptx
    url: https://github.com/AlexMouton/accelerate-llvm/archive/1e5969de59b0753ca9b1c6103ba9f6271d0127aa.tar.gz
- completed:
    size: 21404
    url: https://github.com/tmcdonell/linear-accelerate/archive/2f4dfe92854f53c2aac9be51c9da25899a659273.tar.gz
    cabal-file:
      size: 2483
      sha256: b8d6c01b1f407e9a6b6a2cb66a3211f483aa29ded0b1cfa24de29e49308459ca
    name: linear-accelerate
    version: 0.8.0.0
    sha256: 43c16b06fc4c77b255976631156566c1ddd67cd882e6726c31f4171b1342b337
    pantry-tree:
      size: 2238
      sha256: bd1f24c8876185faaef368c0e6d48dc783ae607b4ca380916e139e06c1f5616f
  original:
    url: https://github.com/tmcdonell/linear-accelerate/archive/2f4dfe92854f53c2aac9be51c9da25899a659273.tar.gz
- completed:
    hackage: numeric-limits-0.1.0.0@sha256:214bb53112bff315e42c0e9efa4a89e2cc2e9914e6232d923b596f29f9b1afe6,456
    pantry-tree:
      size: 168
      sha256: d3217caf46e2ada396d1fcebb7aa023513fa78ff7e517b7032def53dbc912634
  original:
    hackage: numeric-limits-0.1.0.0@sha256:214bb53112bff315e42c0e9efa4a89e2cc2e9914e6232d923b596f29f9b1afe6,456
snapshots:
- completed:
    size: 524163
    url: https://raw.githubusercontent.com/commercialhaskell/stackage-snapshots/master/lts/14/25.yaml
    sha256: 97548b4e927a8a862d4a203687ca18a3f5d2ae75b4b72c946fb29c17df1a5082
  original: lts-14.25
